
Microsoft Visual Studio Solution File, Format Version 12.00
# Visual Studio Version 16
VisualStudioVersion = 16.0.30204.135
MinimumVisualStudioVersion = 10.0.40219.1
Project("{FAE04EC0-301F-11D3-BF4B-00C04F79EFBC}") = "Project_Euler", "Project_Euler\Project_Euler.csproj", "{9280F528-EE11-4F9C-BDF4-D65EA987C83B}"
EndProject
Global
	GlobalSection(SolutionConfigurationPlatforms) = preSolution
		Debug|Any CPU = Debug|Any CPU
		Release|Any CPU = Release|Any CPU
	EndGlobalSection
	GlobalSection(ProjectConfigurationPlatforms) = postSolution
		{9280F528-EE11-4F9C-BDF4-D65EA987C83B}.Debug|Any CPU.ActiveCfg = Debug|Any CPU
		{9280F528-EE11-4F9C-BDF4-D65EA987C83B}.Debug|Any CPU.Build.0 = Debug|Any CPU
		{9280F528-EE11-4F9C-BDF4-D65EA987C83B}.Release|Any CPU.ActiveCfg = Release|Any CPU
		{9280F528-EE11-4F9C-BDF4-D65EA987C83B}.Release|Any CPU.Build.0 = Release|Any CPU
	EndGlobalSection
	GlobalSection(SolutionProperties) = preSolution
		HideSolutionNode = FALSE
	EndGlobalSection
	GlobalSection(ExtensibilityGlobals) = postSolution
		SolutionGuid = {AB56BA06-C4DF-4DBD-956B-5C857D56188F}
	EndGlobalSection
EndGlobal
